
Microsoft Visual Studio Solution File, Format Version 12.00
# Visual Studio Version 16
VisualStudioVersion = 16.0.31515.178
MinimumVisualStudioVersion = 10.0.40219.1
Project("{FAE04EC0-301F-11D3-BF4B-00C04F79EFBC}") = "ProductKeyManager", "ProductKeyManager\ProductKeyManager.csproj", "{34D8404C-718D-4FB2-B169-ED1C7906BB66}"
EndProject
Global
	GlobalSection(SolutionConfigurationPlatforms) = preSolution
		Debug|Any CPU = Debug|Any CPU
		Release|Any CPU = Release|Any CPU
	EndGlobalSection
	GlobalSection(ProjectConfigurationPlatforms) = postSolution
		{34D8404C-718D-4FB2-B169-ED1C7906BB66}.Debug|Any CPU.ActiveCfg = Debug|Any CPU
		{34D8404C-718D-4FB2-B169-ED1C7906BB66}.Debug|Any CPU.Build.0 = Debug|Any CPU
		{34D8404C-718D-4FB2-B169-ED1C7906BB66}.Release|Any CPU.ActiveCfg = Release|Any CPU
		{34D8404C-718D-4FB2-B169-ED1C7906BB66}.Release|Any CPU.Build.0 = Release|Any CPU
	EndGlobalSection
	GlobalSection(SolutionProperties) = preSolution
		HideSolutionNode = FALSE
	EndGlobalSection
	GlobalSection(ExtensibilityGlobals) = postSolution
		SolutionGuid = {04AC16EB-73CD-4F8C-BA22-B5421306E29B}
	EndGlobalSection
EndGlobal
